
Microsoft Visual Studio Solution File, Format Version 12.00
# Visual Studio 15
VisualStudioVersion = 15.0.28307.2017
MinimumVisualStudioVersion = 10.0.40219.1
Project("{FAE04EC0-301F-11D3-BF4B-00C04F79EFBC}") = "BugFixes", "BugFixes\BugFixes.csproj", "{3B12EF94-9F86-487F-A56C-A5491E113F25}"
EndProject
Global
	GlobalSection(SolutionConfigurationPlatforms) = preSolution
		Debug|Any CPU = Debug|Any CPU
		Release|Any CPU = Release|Any CPU
	EndGlobalSection
	GlobalSection(ProjectConfigurationPlatforms) = postSolution
		{3B12EF94-9F86-487F-A56C-A5491E113F25}.Debug|Any CPU.ActiveCfg = Debug|Any CPU
		{3B12EF94-9F86-487F-A56C-A5491E113F25}.Debug|Any CPU.Build.0 = Debug|Any CPU
		{3B12EF94-9F86-487F-A56C-A5491E113F25}.Release|Any CPU.ActiveCfg = Release|Any CPU
		{3B12EF94-9F86-487F-A56C-A5491E113F25}.Release|Any CPU.Build.0 = Release|Any CPU
	EndGlobalSection
	GlobalSection(SolutionProperties) = preSolution
		HideSolutionNode = FALSE
	EndGlobalSection
	GlobalSection(ExtensibilityGlobals) = postSolution
		SolutionGuid = {04FE8F07-E3E2-44E3-A09D-17995D3DE1C7}
	EndGlobalSection
EndGlobal
